// !$*UTF8*$!
{
	archiveVersion = 1;
	classes = {
	};
	objectVersion = 77;
	objects = {

/* Begin PBXContainerItemProxy section */
		9CFEDF612E9D09EA00CD2F9A /* PBXContainerItemProxy */ = {
			isa = PBXContainerItemProxy;
			containerPortal = 9CFEDF482E9D09E800CD2F9A /* Project object */;
			proxyType = 1;
			remoteGlobalIDString = 9CFEDF4F2E9D09E800CD2F9A;
			remoteInfo = RaspberryPiMouseiOS;
		};
		9CFEDF6B2E9D09EA00CD2F9A /* PBXContainerItemProxy */ = {
			isa = PBXContainerItemProxy;
			containerPortal = 9CFEDF482E9D09E800CD2F9A /* Project object */;
			proxyType = 1;
			remoteGlobalIDString = 9CFEDF4F2E9D09E800CD2F9A;
			remoteInfo = RaspberryPiMouseiOS;
		};
/* End PBXContainerItemProxy section */

/* Begin PBXFileReference section */
		9CFEDF502E9D09E800CD2F9A /* RaspberryPiMouseiOS.app */ = {isa = PBXFileReference; explicitFileType = wrapper.application; includeInIndex = 0; path = RaspberryPiMouseiOS.app; sourceTree = BUILT_PRODUCTS_DIR; };
		9CFEDF602E9D09EA00CD2F9A /* RaspberryPiMouseiOSTests.xctest */ = {isa = PBXFileReference; explicitFileType = wrapper.cfbundle; includeInIndex = 0; path = RaspberryPiMouseiOSTests.xctest; sourceTree = BUILT_PRODUCTS_DIR; };
		9CFEDF6A2E9D09EA00CD2F9A /* RaspberryPiMouseiOSUITests.xctest */ = {isa = PBXFileReference; explicitFileType = wrapper.cfbundle; includeInIndex = 0; path = RaspberryPiMouseiOSUITests.xctest; sourceTree = BUILT_PRODUCTS_DIR; };
/* End PBXFileReference section */

/* Begin PBXFileSystemSynchronizedRootGroup section */
		9CFEDF522E9D09E800CD2F9A /* RaspberryPiMouseiOS */ = {
			isa = PBXFileSystemSynchronizedRootGroup;
			path = RaspberryPiMouseiOS;
			sourceTree = "<group>";
		};
		9CFEDF632E9D09EA00CD2F9A /* RaspberryPiMouseiOSTests */ = {
			isa = PBXFileSystemSynchronizedRootGroup;
			path = RaspberryPiMouseiOSTests;
			sourceTree = "<group>";
		};
		9CFEDF6D2E9D09EA00CD2F9A /* RaspberryPiMouseiOSUITests */ = {
			isa = PBXFileSystemSynchronizedRootGroup;
			path = RaspberryPiMouseiOSUITests;
			sourceTree = "<group>";
		};
/* End PBXFileSystemSynchronizedRootGroup section */

/* Begin PBXFrameworksBuildPhase section */
		9CFEDF4D2E9D09E800CD2F9A /* Frameworks */ = {
			isa = PBXFrameworksBuildPhase;
			buildActionMask = 2147483647;
			files = (
			);
			runOnlyForDeploymentPostprocessing = 0;
		};
		9CFEDF5D2E9D09EA00CD2F9A /* Frameworks */ = {
			isa = PBXFrameworksBuildPhase;
			buildActionMask = 2147483647;
			files = (
			);
			runOnlyForDeploymentPostprocessing = 0;
		};
		9CFEDF672E9D09EA00CD2F9A /* Frameworks */ = {
			isa = PBXFrameworksBuildPhase;
			buildActionMask = 2147483647;
			files = (
			);
			runOnlyForDeploymentPostprocessing = 0;
		};
/* End PBXFrameworksBuildPhase section */

/* Begin PBXGroup section */
		9CFEDF472E9D09E800CD2F9A = {
			isa = PBXGroup;
			children = (
				9CFEDF522E9D09E800CD2F9A /* RaspberryPiMouseiOS */,
				9CFEDF632E9D09EA00CD2F9A /* RaspberryPiMouseiOSTests */,
				9CFEDF6D2E9D09EA00CD2F9A /* RaspberryPiMouseiOSUITests */,
				9CFEDF512E9D09E800CD2F9A /* Products */,
			);
			sourceTree = "<group>";
		};
		9CFEDF512E9D09E800CD2F9A /* Products */ = {
			isa = PBXGroup;
			children = (
				9CFEDF502E9D09E800CD2F9A /* RaspberryPiMouseiOS.app */,
				9CFEDF602E9D09EA00CD2F9A /* RaspberryPiMouseiOSTests.xctest */,
				9CFEDF6A2E9D09EA00CD2F9A /* RaspberryPiMouseiOSUITests.xctest */,
			);
			name = Products;
			sourceTree = "<group>";
		};
/* End PBXGroup section */

/* Begin PBXNativeTarget section */
		9CFEDF4F2E9D09E800CD2F9A /* RaspberryPiMouseiOS */ = {
			isa = PBXNativeTarget;
			buildConfigurationList = 9CFEDF742E9D09EA00CD2F9A /* Build configuration list for PBXNativeTarget "RaspberryPiMouseiOS" */;
			buildPhases = (
				9CFEDF4C2E9D09E800CD2F9A /* Sources */,
				9CFEDF4D2E9D09E800CD2F9A /* Frameworks */,
				9CFEDF4E2E9D09E800CD2F9A /* Resources */,
			);
			buildRules = (
			);
			dependencies = (
			);
			fileSystemSynchronizedGroups = (
				9CFEDF522E9D09E800CD2F9A /* RaspberryPiMouseiOS */,
			);
			name = RaspberryPiMouseiOS;
			packageProductDependencies = (
			);
			productName = RaspberryPiMouseiOS;
			productReference = 9CFEDF502E9D09E800CD2F9A /* RaspberryPiMouseiOS.app */;
			productType = "com.apple.product-type.application";
		};
		9CFEDF5F2E9D09EA00CD2F9A /* RaspberryPiMouseiOSTests */ = {
			isa = PBXNativeTarget;
			buildConfigurationList = 9CFEDF772E9D09EA00CD2F9A /* Build configuration list for PBXNativeTarget "RaspberryPiMouseiOSTests" */;
			buildPhases = (
				9CFEDF5C2E9D09EA00CD2F9A /* Sources */,
				9CFEDF5D2E9D09EA00CD2F9A /* Frameworks */,
				9CFEDF5E2E9D09EA00CD2F9A /* Resources */,
			);
			buildRules = (
			);
			dependencies = (
				9CFEDF622E9D09EA00CD2F9A /* PBXTargetDependency */,
			);
			fileSystemSynchronizedGroups = (
				9CFEDF632E9D09EA00CD2F9A /* RaspberryPiMouseiOSTests */,
			);
			name = RaspberryPiMouseiOSTests;
			packageProductDependencies = (
			);
			productName = RaspberryPiMouseiOSTests;
			productReference = 9CFEDF602E9D09EA00CD2F9A /* RaspberryPiMouseiOSTests.xctest */;
			productType = "com.apple.product-type.bundle.unit-test";
		};
		9CFEDF692E9D09EA00CD2F9A /* RaspberryPiMouseiOSUITests */ = {
			isa = PBXNativeTarget;
			buildConfigurationList = 9CFEDF7A2E9D09EA00CD2F9A /* Build configuration list for PBXNativeTarget "RaspberryPiMouseiOSUITests" */;
			buildPhases = (
				9CFEDF662E9D09EA00CD2F9A /* Sources */,
				9CFEDF672E9D09EA00CD2F9A /* Frameworks */,
				9CFEDF682E9D09EA00CD2F9A /* Resources */,
			);
			buildRules = (
			);
			dependencies = (
				9CFEDF6C2E9D09EA00CD2F9A /* PBXTargetDependency */,
			);
			fileSystemSynchronizedGroups = (
				9CFEDF6D2E9D09EA00CD2F9A /* RaspberryPiMouseiOSUITests */,
			);
			name = RaspberryPiMouseiOSUITests;
			packageProductDependencies = (
			);
			productName = RaspberryPiMouseiOSUITests;
			productReference = 9CFEDF6A2E9D09EA00CD2F9A /* RaspberryPiMouseiOSUITests.xctest */;
			productType = "com.apple.product-type.bundle.ui-testing";
		};
/* End PBXNativeTarget section */

/* Begin PBXProject section */
		9CFEDF482E9D09E800CD2F9A /* Project object */ = {
			isa = PBXProject;
			attributes = {
				BuildIndependentTargetsInParallel = 1;
				LastSwiftUpdateCheck = 1620;
				LastUpgradeCheck = 1620;
				TargetAttributes = {
					9CFEDF4F2E9D09E800CD2F9A = {
						CreatedOnToolsVersion = 16.2;
					};
					9CFEDF5F2E9D09EA00CD2F9A = {
						CreatedOnToolsVersion = 16.2;
						TestTargetID = 9CFEDF4F2E9D09E800CD2F9A;
					};
					9CFEDF692E9D09EA00CD2F9A = {
						CreatedOnToolsVersion = 16.2;
						TestTargetID = 9CFEDF4F2E9D09E800CD2F9A;
					};
				};
			};
			buildConfigurationList = 9CFEDF4B2E9D09E800CD2F9A /* Build configuration list for PBXProject "RaspberryPiMouseiOS" */;
			developmentRegion = en;
			hasScannedForEncodings = 0;
			knownRegions = (
				en,
				Base,
			);
			mainGroup = 9CFEDF472E9D09E800CD2F9A;
			minimizedProjectReferenceProxies = 1;
			preferredProjectObjectVersion = 77;
			productRefGroup = 9CFEDF512E9D09E800CD2F9A /* Products */;
			projectDirPath = "";
			projectRoot = "";
			targets = (
				9CFEDF4F2E9D09E800CD2F9A /* RaspberryPiMouseiOS */,
				9CFEDF5F2E9D09EA00CD2F9A /* RaspberryPiMouseiOSTests */,
				9CFEDF692E9D09EA00CD2F9A /* RaspberryPiMouseiOSUITests */,
			);
		};
/* End PBXProject section */

/* Begin PBXResourcesBuildPhase section */
		9CFEDF4E2E9D09E800CD2F9A /* Resources */ = {
			isa = PBXResourcesBuildPhase;
			buildActionMask = 2147483647;
			files = (
			);
			runOnlyForDeploymentPostprocessing = 0;
		};
		9CFEDF5E2E9D09EA00CD2F9A /* Resources */ = {
			isa = PBXResourcesBuildPhase;
			buildActionMask = 2147483647;
			files = (
			);
			runOnlyForDeploymentPostprocessing = 0;
		};
		9CFEDF682E9D09EA00CD2F9A /* Resources */ = {
			isa = PBXResourcesBuildPhase;
			buildActionMask = 2147483647;
			files = (
			);
			runOnlyForDeploymentPostprocessing = 0;
		};
/* End PBXResourcesBuildPhase section */

/* Begin PBXSourcesBuildPhase section */
		9CFEDF4C2E9D09E800CD2F9A /* Sources */ = {
			isa = PBXSourcesBuildPhase;
			buildActionMask = 2147483647;
			files = (
			);
			runOnlyForDeploymentPostprocessing = 0;
		};
		9CFEDF5C2E9D09EA00CD2F9A /* Sources */ = {
			isa = PBXSourcesBuildPhase;
			buildActionMask = 2147483647;
			files = (
			);
			runOnlyForDeploymentPostprocessing = 0;
		};
		9CFEDF662E9D09EA00CD2F9A /* Sources */ = {
			isa = PBXSourcesBuildPhase;
			buildActionMask = 2147483647;
			files = (
			);
			runOnlyForDeploymentPostprocessing = 0;
		};
/* End PBXSourcesBuildPhase section */

/* Begin PBXTargetDependency section */
		9CFEDF622E9D09EA00CD2F9A /* PBXTargetDependency */ = {
			isa = PBXTargetDependency;
			target = 9CFEDF4F2E9D09E800CD2F9A /* RaspberryPiMouseiOS */;
			targetProxy = 9CFEDF612E9D09EA00CD2F9A /* PBXContainerItemProxy */;
		};
		9CFEDF6C2E9D09EA00CD2F9A /* PBXTargetDependency */ = {
			isa = PBXTargetDependency;
			target = 9CFEDF4F2E9D09E800CD2F9A /* RaspberryPiMouseiOS */;
			targetProxy = 9CFEDF6B2E9D09EA00CD2F9A /* PBXContainerItemProxy */;
		};
/* End PBXTargetDependency section */

/* Begin XCBuildConfiguration section */
		9CFEDF722E9D09EA00CD2F9A /* Debug */ = {
			isa = XCBuildConfiguration;
			buildSettings = {
				ALWAYS_SEARCH_USER_PATHS = NO;
				ASSETCATALOG_COMPILER_GENERATE_SWIFT_ASSET_SYMBOL_EXTENSIONS = YES;
				CLANG_ANALYZER_NONNULL = YES;
				CLANG_ANALYZER_NUMBER_OBJECT_CONVERSION = YES_AGGRESSIVE;
				CLANG_CXX_LANGUAGE_STANDARD = "gnu++20";
				CLANG_ENABLE_MODULES = YES;
				CLANG_ENABLE_OBJC_ARC = YES;
				CLANG_ENABLE_OBJC_WEAK = YES;
				CLANG_WARN_BLOCK_CAPTURE_AUTORELEASING = YES;
				CLANG_WARN_BOOL_CONVERSION = YES;
				CLANG_WARN_COMMA = YES;
				CLANG_WARN_CONSTANT_CONVERSION = YES;
				CLANG_WARN_DEPRECATED_OBJC_IMPLEMENTATIONS = YES;
				CLANG_WARN_DIRECT_OBJC_ISA_USAGE = YES_ERROR;
				CLANG_WARN_DOCUMENTATION_COMMENTS = YES;
				CLANG_WARN_EMPTY_BODY = YES;
				CLANG_WARN_ENUM_CONVERSION = YES;
				CLANG_WARN_INFINITE_RECURSION = YES;
				CLANG_WARN_INT_CONVERSION = YES;
				CLANG_WARN_NON_LITERAL_NULL_CONVERSION = YES;
				CLANG_WARN_OBJC_IMPLICIT_RETAIN_SELF = YES;
				CLANG_WARN_OBJC_LITERAL_CONVERSION = YES;
				CLANG_WARN_OBJC_ROOT_CLASS = YES_ERROR;
				CLANG_WARN_QUOTED_INCLUDE_IN_FRAMEWORK_HEADER = YES;
				CLANG_WARN_RANGE_LOOP_ANALYSIS = YES;
				CLANG_WARN_STRICT_PROTOTYPES = YES;
				CLANG_WARN_SUSPICIOUS_MOVE = YES;
				CLANG_WARN_UNGUARDED_AVAILABILITY = YES_AGGRESSIVE;
				CLANG_WARN_UNREACHABLE_CODE = YES;
				CLANG_WARN__DUPLICATE_METHOD_MATCH = YES;
				COPY_PHASE_STRIP = NO;
				DEBUG_INFORMATION_FORMAT = dwarf;
				ENABLE_STRICT_OBJC_MSGSEND = YES;
				ENABLE_TESTABILITY = YES;
				ENABLE_USER_SCRIPT_SANDBOXING = YES;
				GCC_C_LANGUAGE_STANDARD = gnu17;
				GCC_DYNAMIC_NO_PIC = NO;
				GCC_NO_COMMON_BLOCKS = YES;
				GCC_OPTIMIZATION_LEVEL = 0;
				GCC_PREPROCESSOR_DEFINITIONS = (
					"DEBUG=1",
					"$(inherited)",
				);
				GCC_WARN_64_TO_32_BIT_CONVERSION = YES;
				GCC_WARN_ABOUT_RETURN_TYPE = YES_ERROR;
				GCC_WARN_UNDECLARED_SELECTOR = YES;
				GCC_WARN_UNINITIALIZED_AUTOS = YES_AGGRESSIVE;
				GCC_WARN_UNUSED_FUNCTION = YES;
				GCC_WARN_UNUSED_VARIABLE = YES;
				IPHONEOS_DEPLOYMENT_TARGET = 18.2;
				LOCALIZATION_PREFERS_STRING_CATALOGS = YES;
				MTL_ENABLE_DEBUG_INFO = INCLUDE_SOURCE;
				MTL_FAST_MATH = YES;
				ONLY_ACTIVE_ARCH = YES;
				SDKROOT = iphoneos;
				SWIFT_ACTIVE_COMPILATION_CONDITIONS = "DEBUG $(inherited)";
				SWIFT_OPTIMIZATION_LEVEL = "-Onone";
			};
			name = Debug;
		};
		9CFEDF732E9D09EA00CD2F9A /* Release */ = {
			isa = XCBuildConfiguration;
			buildSettings = {
				ALWAYS_SEARCH_USER_PATHS = NO;
				ASSETCATALOG_COMPILER_GENERATE_SWIFT_ASSET_SYMBOL_EXTENSIONS = YES;
				CLANG_ANALYZER_NONNULL = YES;
				CLANG_ANALYZER_NUMBER_OBJECT_CONVERSION = YES_AGGRESSIVE;
				CLANG_CXX_LANGUAGE_STANDARD = "gnu++20";
				CLANG_ENABLE_MODULES = YES;
				CLANG_ENABLE_OBJC_ARC = YES;
				CLANG_ENABLE_OBJC_WEAK = YES;
				CLANG_WARN_BLOCK_CAPTURE_AUTORELEASING = YES;
				CLANG_WARN_BOOL_CONVERSION = YES;
				CLANG_WARN_COMMA = YES;
				CLANG_WARN_CONSTANT_CONVERSION = YES;
				CLANG_WARN_DEPRECATED_OBJC_IMPLEMENTATIONS = YES;
				CLANG_WARN_DIRECT_OBJC_ISA_USAGE = YES_ERROR;
				CLANG_WARN_DOCUMENTATION_COMMENTS = YES;
				CLANG_WARN_EMPTY_BODY = YES;
				CLANG_WARN_ENUM_CONVERSION = YES;
				CLANG_WARN_INFINITE_RECURSION = YES;
				CLANG_WARN_INT_CONVERSION = YES;
				CLANG_WARN_NON_LITERAL_NULL_CONVERSION = YES;
				CLANG_WARN_OBJC_IMPLICIT_RETAIN_SELF = YES;
				CLANG_WARN_OBJC_LITERAL_CONVERSION = YES;
				CLANG_WARN_OBJC_ROOT_CLASS = YES_ERROR;
				CLANG_WARN_QUOTED_INCLUDE_IN_FRAMEWORK_HEADER = YES;
				CLANG_WARN_RANGE_LOOP_ANALYSIS = YES;
				CLANG_WARN_STRICT_PROTOTYPES = YES;
				CLANG_WARN_SUSPICIOUS_MOVE = YES;
				CLANG_WARN_UNGUARDED_AVAILABILITY = YES_AGGRESSIVE;
				CLANG_WARN_UNREACHABLE_CODE = YES;
				CLANG_WARN__DUPLICATE_METHOD_MATCH = YES;
				COPY_PHASE_STRIP = NO;
				DEBUG_INFORMATION_FORMAT = "dwarf-with-dsym";
				ENABLE_NS_ASSERTIONS = NO;
				ENABLE_STRICT_OBJC_MSGSEND = YES;
				ENABLE_USER_SCRIPT_SANDBOXING = YES;
				GCC_C_LANGUAGE_STANDARD = gnu17;
				GCC_NO_COMMON_BLOCKS = YES;
				GCC_WARN_64_TO_32_BIT_CONVERSION = YES;
				GCC_WARN_ABOUT_RETURN_TYPE = YES_ERROR;
				GCC_WARN_UNDECLARED_SELECTOR = YES;
				GCC_WARN_UNINITIALIZED_AUTOS = YES_AGGRESSIVE;
				GCC_WARN_UNUSED_FUNCTION = YES;
				GCC_WARN_UNUSED_VARIABLE = YES;
				IPHONEOS_DEPLOYMENT_TARGET = 18.2;
				LOCALIZATION_PREFERS_STRING_CATALOGS = YES;
				MTL_ENABLE_DEBUG_INFO = NO;
				MTL_FAST_MATH = YES;
				SDKROOT = iphoneos;
				SWIFT_COMPILATION_MODE = wholemodule;
				VALIDATE_PRODUCT = YES;
			};
			name = Release;
		};
		9CFEDF752E9D09EA00CD2F9A /* Debug */ = {
			isa = XCBuildConfiguration;
			buildSettings = {
				ASSETCATALOG_COMPILER_APPICON_NAME = AppIcon;
				ASSETCATALOG_COMPILER_GLOBAL_ACCENT_COLOR_NAME = AccentColor;
				CODE_SIGN_STYLE = Automatic;
				CURRENT_PROJECT_VERSION = 1;
				DEVELOPMENT_ASSET_PATHS = "\"RaspberryPiMouseiOS/Preview Content\"";
				DEVELOPMENT_TEAM = 2XL9QYTD77;
				ENABLE_PREVIEWS = YES;
				GENERATE_INFOPLIST_FILE = YES;
				INFOPLIST_KEY_UIApplicationSceneManifest_Generation = YES;
				INFOPLIST_KEY_UIApplicationSupportsIndirectInputEvents = YES;
				INFOPLIST_KEY_UILaunchScreen_Generation = YES;
				INFOPLIST_KEY_UISupportedInterfaceOrientations_iPad = "UIInterfaceOrientationPortrait UIInterfaceOrientationPortraitUpsideDown UIInterfaceOrientationLandscapeLeft UIInterfaceOrientationLandscapeRight";
				INFOPLIST_KEY_UISupportedInterfaceOrientations_iPhone = "UIInterfaceOrientationPortrait UIInterfaceOrientationLandscapeLeft UIInterfaceOrientationLandscapeRight";
				LD_RUNPATH_SEARCH_PATHS = (
					"$(inherited)",
					"@executable_path/Frameworks",
				);
				MARKETING_VERSION = 1.0;
				PRODUCT_BUNDLE_IDENTIFIER = jp.shusuke.ota.RaspberryPiMouseiOS;
				PRODUCT_NAME = "$(TARGET_NAME)";
				SWIFT_EMIT_LOC_STRINGS = YES;
				SWIFT_VERSION = 5.0;
				TARGETED_DEVICE_FAMILY = "1,2";
			};
			name = Debug;
		};
		9CFEDF762E9D09EA00CD2F9A /* Release */ = {
			isa = XCBuildConfiguration;
			buildSettings = {
				ASSETCATALOG_COMPILER_APPICON_NAME = AppIcon;
				ASSETCATALOG_COMPILER_GLOBAL_ACCENT_COLOR_NAME = AccentColor;
				CODE_SIGN_STYLE = Automatic;
				CURRENT_PROJECT_VERSION = 1;
				DEVELOPMENT_ASSET_PATHS = "\"RaspberryPiMouseiOS/Preview Content\"";
				DEVELOPMENT_TEAM = 2XL9QYTD77;
				ENABLE_PREVIEWS = YES;
				GENERATE_INFOPLIST_FILE = YES;
				INFOPLIST_KEY_UIApplicationSceneManifest_Generation = YES;
				INFOPLIST_KEY_UIApplicationSupportsIndirectInputEvents = YES;
				INFOPLIST_KEY_UILaunchScreen_Generation = YES;
				INFOPLIST_KEY_UISupportedInterfaceOrientations_iPad = "UIInterfaceOrientationPortrait UIInterfaceOrientationPortraitUpsideDown UIInterfaceOrientationLandscapeLeft UIInterfaceOrientationLandscapeRight";
				INFOPLIST_KEY_UISupportedInterfaceOrientations_iPhone = "UIInterfaceOrientationPortrait UIInterfaceOrientationLandscapeLeft UIInterfaceOrientationLandscapeRight";
				LD_RUNPATH_SEARCH_PATHS = (
					"$(inherited)",
					"@executable_path/Frameworks",
				);
				MARKETING_VERSION = 1.0;
				PRODUCT_BUNDLE_IDENTIFIER = jp.shusuke.ota.RaspberryPiMouseiOS;
				PRODUCT_NAME = "$(TARGET_NAME)";
				SWIFT_EMIT_LOC_STRINGS = YES;
				SWIFT_VERSION = 5.0;
				TARGETED_DEVICE_FAMILY = "1,2";
			};
			name = Release;
		};
		9CFEDF782E9D09EA00CD2F9A /* Debug */ = {
			isa = XCBuildConfiguration;
			buildSettings = {
				BUNDLE_LOADER = "$(TEST_HOST)";
				CODE_SIGN_STYLE = Automatic;
				CURRENT_PROJECT_VERSION = 1;
				DEVELOPMENT_TEAM = 2XL9QYTD77;
				GENERATE_INFOPLIST_FILE = YES;
				IPHONEOS_DEPLOYMENT_TARGET = 18.2;
				MARKETING_VERSION = 1.0;
				PRODUCT_BUNDLE_IDENTIFIER = jp.shusuke.ota.RaspberryPiMouseiOSTests;
				PRODUCT_NAME = "$(TARGET_NAME)";
				SWIFT_EMIT_LOC_STRINGS = NO;
				SWIFT_VERSION = 5.0;
				TARGETED_DEVICE_FAMILY = "1,2";
				TEST_HOST = "$(BUILT_PRODUCTS_DIR)/RaspberryPiMouseiOS.app/$(BUNDLE_EXECUTABLE_FOLDER_PATH)/RaspberryPiMouseiOS";
			};
			name = Debug;
		};
		9CFEDF792E9D09EA00CD2F9A /* Release */ = {
			isa = XCBuildConfiguration;
			buildSettings = {
				BUNDLE_LOADER = "$(TEST_HOST)";
				CODE_SIGN_STYLE = Automatic;
				CURRENT_PROJECT_VERSION = 1;
				DEVELOPMENT_TEAM = 2XL9QYTD77;
				GENERATE_INFOPLIST_FILE = YES;
				IPHONEOS_DEPLOYMENT_TARGET = 18.2;
				MARKETING_VERSION = 1.0;
				PRODUCT_BUNDLE_IDENTIFIER = jp.shusuke.ota.RaspberryPiMouseiOSTests;
				PRODUCT_NAME = "$(TARGET_NAME)";
				SWIFT_EMIT_LOC_STRINGS = NO;
				SWIFT_VERSION = 5.0;
				TARGETED_DEVICE_FAMILY = "1,2";
				TEST_HOST = "$(BUILT_PRODUCTS_DIR)/RaspberryPiMouseiOS.app/$(BUNDLE_EXECUTABLE_FOLDER_PATH)/RaspberryPiMouseiOS";
			};
			name = Release;
		};
		9CFEDF7B2E9D09EA00CD2F9A /* Debug */ = {
			isa = XCBuildConfiguration;
			buildSettings = {
				CODE_SIGN_STYLE = Automatic;
				CURRENT_PROJECT_VERSION = 1;
				DEVELOPMENT_TEAM = 2XL9QYTD77;
				GENERATE_INFOPLIST_FILE = YES;
				MARKETING_VERSION = 1.0;
				PRODUCT_BUNDLE_IDENTIFIER = jp.shusuke.ota.RaspberryPiMouseiOSUITests;
				PRODUCT_NAME = "$(TARGET_NAME)";
				SWIFT_EMIT_LOC_STRINGS = NO;
				SWIFT_VERSION = 5.0;
				TARGETED_DEVICE_FAMILY = "1,2";
				TEST_TARGET_NAME = RaspberryPiMouseiOS;
			};
			name = Debug;
		};
		9CFEDF7C2E9D09EA00CD2F9A /* Release */ = {
			isa = XCBuildConfiguration;
			buildSettings = {
				CODE_SIGN_STYLE = Automatic;
				CURRENT_PROJECT_VERSION = 1;
				DEVELOPMENT_TEAM = 2XL9QYTD77;
				GENERATE_INFOPLIST_FILE = YES;
				MARKETING_VERSION = 1.0;
				PRODUCT_BUNDLE_IDENTIFIER = jp.shusuke.ota.RaspberryPiMouseiOSUITests;
				PRODUCT_NAME = "$(TARGET_NAME)";
				SWIFT_EMIT_LOC_STRINGS = NO;
				SWIFT_VERSION = 5.0;
				TARGETED_DEVICE_FAMILY = "1,2";
				TEST_TARGET_NAME = RaspberryPiMouseiOS;
			};
			name = Release;
		};
/* End XCBuildConfiguration section */

/* Begin XCConfigurationList section */
		9CFEDF4B2E9D09E800CD2F9A /* Build configuration list for PBXProject "RaspberryPiMouseiOS" */ = {
			isa = XCConfigurationList;
			buildConfigurations = (
				9CFEDF722E9D09EA00CD2F9A /* Debug */,
				9CFEDF732E9D09EA00CD2F9A /* Release */,
			);
			defaultConfigurationIsVisible = 0;
			defaultConfigurationName = Release;
		};
		9CFEDF742E9D09EA00CD2F9A /* Build configuration list for PBXNativeTarget "RaspberryPiMouseiOS" */ = {
			isa = XCConfigurationList;
			buildConfigurations = (
				9CFEDF752E9D09EA00CD2F9A /* Debug */,
				9CFEDF762E9D09EA00CD2F9A /* Release */,
			);
			defaultConfigurationIsVisible = 0;
			defaultConfigurationName = Release;
		};
		9CFEDF772E9D09EA00CD2F9A /* Build configuration list for PBXNativeTarget "RaspberryPiMouseiOSTests" */ = {
			isa = XCConfigurationList;
			buildConfigurations = (
				9CFEDF782E9D09EA00CD2F9A /* Debug */,
				9CFEDF792E9D09EA00CD2F9A /* Release */,
			);
			defaultConfigurationIsVisible = 0;
			defaultConfigurationName = Release;
		};
		9CFEDF7A2E9D09EA00CD2F9A /* Build configuration list for PBXNativeTarget "RaspberryPiMouseiOSUITests" */ = {
			isa = XCConfigurationList;
			buildConfigurations = (
				9CFEDF7B2E9D09EA00CD2F9A /* Debug */,
				9CFEDF7C2E9D09EA00CD2F9A /* Release */,
			);
			defaultConfigurationIsVisible = 0;
			defaultConfigurationName = Release;
		};
/* End XCConfigurationList section */
	};
	rootObject = 9CFEDF482E9D09E800CD2F9A /* Project object */;
}
